
Microsoft Visual Studio Solution File, Format Version 12.00
# Visual Studio 15
VisualStudioVersion = 15.0.27428.2037
MinimumVisualStudioVersion = 10.0.40219.1
Project("{FAE04EC0-301F-11D3-BF4B-00C04F79EFBC}") = "WebApplication4GridAddRow", "WebApplication4GridAddRow\WebApplication4GridAddRow.csproj", "{4DD82968-94CB-4190-A82A-1931FB8437E7}"
EndProject
Global
	GlobalSection(SolutionConfigurationPlatforms) = preSolution
		Debug|Any CPU = Debug|Any CPU
		Release|Any CPU = Release|Any CPU
	EndGlobalSection
	GlobalSection(ProjectConfigurationPlatforms) = postSolution
		{4DD82968-94CB-4190-A82A-1931FB8437E7}.Debug|Any CPU.ActiveCfg = Debug|Any CPU
		{4DD82968-94CB-4190-A82A-1931FB8437E7}.Debug|Any CPU.Build.0 = Debug|Any CPU
		{4DD82968-94CB-4190-A82A-1931FB8437E7}.Release|Any CPU.ActiveCfg = Release|Any CPU
		{4DD82968-94CB-4190-A82A-1931FB8437E7}.Release|Any CPU.Build.0 = Release|Any CPU
	EndGlobalSection
	GlobalSection(SolutionProperties) = preSolution
		HideSolutionNode = FALSE
	EndGlobalSection
	GlobalSection(ExtensibilityGlobals) = postSolution
		SolutionGuid = {8F71C10D-3382-4530-B561-BFC01851AE53}
	EndGlobalSection
EndGlobal
